# THIS IS AN AUTOGENERATED FILE. DO NOT EDIT THIS FILE DIRECTLY.
# yarn lockfile v1


"@types/node@>=10":
  version "14.14.20"
  resolved "https://registry.yarnpkg.com/@types/node/-/node-14.14.20.tgz#f7974863edd21d1f8a494a73e8e2b3658615c340"
  integrity sha512-Y93R97Ouif9JEOWPIUyU+eyIdyRqQR0I8Ez1dzku4hDx34NWh4HbtIc3WNzwB1Y9ULvNGeu5B8h8bVL5cAk4/A==

asn1js@^2.0.26:
  version "2.0.26"
  resolved "https://registry.yarnpkg.com/asn1js/-/asn1js-2.0.26.tgz#0a6d435000f556a96c6012969d9704d981b71251"
  integrity sha512-yG89F0j9B4B0MKIcFyWWxnpZPLaNTjCj4tkE3fjbAoo0qmpGw0PYYqSbX/4ebnd9Icn8ZgK4K1fvDyEtW1JYtQ==
  dependencies:
    pvutils latest

big-integer@^1.6.36:
  version "1.6.48"
  resolved "https://registry.yarnpkg.com/big-integer/-/big-integer-1.6.48.tgz#8fd88bd1632cba4a1c8c3e3d7159f08bb95b4b9e"
  integrity sha512-j51egjPa7/i+RdiRuJbPdJ2FIUYYPhvYLjzoYbcMMm62ooO6F94fETG4MTs46zPAF9Brs04OajboA/qTGuz78w==

bigint-conversion@^2.1.12:
  version "2.1.12"
  resolved "https://registry.yarnpkg.com/bigint-conversion/-/bigint-conversion-2.1.12.tgz#2cac6e67f3d1c4bda8dd83f53a54491d5009262d"
  integrity sha512-3VaW54fAag+ODLwBYNV4eAvTtHZQPpGyNnGkzRhDvg5VHNCMYskGKKEIuq5RQ4CvZWEzTLJs1C3Zlw3rsal/RA==
  dependencies:
    "@types/node" ">=10"

bigint-polyfill@^0.1.0:
  version "0.1.0"
  resolved "https://registry.yarnpkg.com/bigint-polyfill/-/bigint-polyfill-0.1.0.tgz#3b99c5966f122cce2339f75504600a89a53bf432"
  integrity sha512-Rk66dtfZzdBUcFZC4xjysOr/o1nvxVrxSVWCtXjLBFeGMH9xi+60myTQNhc3IazCTD0LQE+4awxQYawSvtYc6g==
  dependencies:
    big-integer "^1.6.36"

date-fns@^1.30.1:
  version "1.30.1"
  resolved "https://registry.yarnpkg.com/date-fns/-/date-fns-1.30.1.tgz#2e71bf0b119153dbb4cc4e88d9ea5acfb50dc05c"
  integrity sha512-hBSVCvSmWC+QypYObzwGOd9wqdDpOt+0wl0KbU+R+uuZBS1jN8VsD1ss3irQDknRj5NvxiTF6oj/nDRnN/UQNw==

pvutils@^1.0.17, pvutils@latest:
  version "1.0.17"
  resolved "https://registry.yarnpkg.com/pvutils/-/pvutils-1.0.17.tgz#ade3c74dfe7178944fe44806626bd2e249d996bf"
  integrity sha512-wLHYUQxWaXVQvKnwIDWFVKDJku9XDCvyhhxoq8dc5MFdIlRenyPI9eSfEtcvgHgD7FlvCyGAlWgOzRnZD99GZQ==
